
Microsoft Visual Studio Solution File, Format Version 12.00
# Visual Studio Version 17
VisualStudioVersion = 17.14.36908.2
MinimumVisualStudioVersion = 10.0.40219.1
Project("{8BC9CEB8-8B4A-11D0-8D11-00A0C91BC942}") = "CompilerTest", "CompilerTest\CompilerTest.vcxproj", "{243A2C5E-C426-470D-8106-ACFE022B782C}"
EndProject
Project("{8BC9CEB8-8B4A-11D0-8D11-00A0C91BC942}") = "InlineFunction", "InlineFunction\InlineFunction.vcxproj", "{8197A245-25E3-4340-AF15-5C71B06820E6}"
EndProject
Project("{8BC9CEB8-8B4A-11D0-8D11-00A0C91BC942}") = "Pointer", "Pointer\Pointer.vcxproj", "{8C9FAC3C-6C07-44A4-A97C-CF0566B063B0}"
EndProject
Project("{8BC9CEB8-8B4A-11D0-8D11-00A0C91BC942}") = "Reference", "Reference\Reference.vcxproj", "{6800040A-89FC-4C83-8AF2-BA8CE1B20276}"
EndProject
Project("{8BC9CEB8-8B4A-11D0-8D11-00A0C91BC942}") = "Array", "Array\Array.vcxproj", "{21D04877-78A5-4840-A445-26881F8BC528}"
EndProject
Project("{8BC9CEB8-8B4A-11D0-8D11-00A0C91BC942}") = "String", "String\String.vcxproj", "{B2EAD127-CA9D-4223-B171-673BD20170DD}"
EndProject
Project("{8BC9CEB8-8B4A-11D0-8D11-00A0C91BC942}") = "Class", "Class\Class.vcxproj", "{E344F2A7-7566-4DCB-BF90-4157927E182B}"
EndProject
Global
	GlobalSection(SolutionConfigurationPlatforms) = preSolution
		Debug|x64 = Debug|x64
		Debug|x86 = Debug|x86
		Release|x64 = Release|x64
		Release|x86 = Release|x86
	EndGlobalSection
	GlobalSection(ProjectConfigurationPlatforms) = postSolution
		{243A2C5E-C426-470D-8106-ACFE022B782C}.Debug|x64.ActiveCfg = Debug|x64
		{243A2C5E-C426-470D-8106-ACFE022B782C}.Debug|x64.Build.0 = Debug|x64
		{243A2C5E-C426-470D-8106-ACFE022B782C}.Debug|x86.ActiveCfg = Debug|Win32
		{243A2C5E-C426-470D-8106-ACFE022B782C}.Debug|x86.Build.0 = Debug|Win32
		{243A2C5E-C426-470D-8106-ACFE022B782C}.Release|x64.ActiveCfg = Release|x64
		{243A2C5E-C426-470D-8106-ACFE022B782C}.Release|x64.Build.0 = Release|x64
		{243A2C5E-C426-470D-8106-ACFE022B782C}.Release|x86.ActiveCfg = Release|Win32
		{243A2C5E-C426-470D-8106-ACFE022B782C}.Release|x86.Build.0 = Release|Win32
		{8197A245-25E3-4340-AF15-5C71B06820E6}.Debug|x64.ActiveCfg = Debug|x64
		{8197A245-25E3-4340-AF15-5C71B06820E6}.Debug|x64.Build.0 = Debug|x64
		{8197A245-25E3-4340-AF15-5C71B06820E6}.Debug|x86.ActiveCfg = Debug|Win32
		{8197A245-25E3-4340-AF15-5C71B06820E6}.Debug|x86.Build.0 = Debug|Win32
		{8197A245-25E3-4340-AF15-5C71B06820E6}.Release|x64.ActiveCfg = Release|x64
		{8197A245-25E3-4340-AF15-5C71B06820E6}.Release|x64.Build.0 = Release|x64
		{8197A245-25E3-4340-AF15-5C71B06820E6}.Release|x86.ActiveCfg = Release|Win32
		{8197A245-25E3-4340-AF15-5C71B06820E6}.Release|x86.Build.0 = Release|Win32
		{8C9FAC3C-6C07-44A4-A97C-CF0566B063B0}.Debug|x64.ActiveCfg = Debug|x64
		{8C9FAC3C-6C07-44A4-A97C-CF0566B063B0}.Debug|x64.Build.0 = Debug|x64
		{8C9FAC3C-6C07-44A4-A97C-CF0566B063B0}.Debug|x86.ActiveCfg = Debug|Win32
		{8C9FAC3C-6C07-44A4-A97C-CF0566B063B0}.Debug|x86.Build.0 = Debug|Win32
		{8C9FAC3C-6C07-44A4-A97C-CF0566B063B0}.Release|x64.ActiveCfg = Release|x64
		{8C9FAC3C-6C07-44A4-A97C-CF0566B063B0}.Release|x64.Build.0 = Release|x64
		{8C9FAC3C-6C07-44A4-A97C-CF0566B063B0}.Release|x86.ActiveCfg = Release|Win32
		{8C9FAC3C-6C07-44A4-A97C-CF0566B063B0}.Release|x86.Build.0 = Release|Win32
		{6800040A-89FC-4C83-8AF2-BA8CE1B20276}.Debug|x64.ActiveCfg = Debug|x64
		{6800040A-89FC-4C83-8AF2-BA8CE1B20276}.Debug|x64.Build.0 = Debug|x64
		{6800040A-89FC-4C83-8AF2-BA8CE1B20276}.Debug|x86.ActiveCfg = Debug|Win32
		{6800040A-89FC-4C83-8AF2-BA8CE1B20276}.Debug|x86.Build.0 = Debug|Win32
		{6800040A-89FC-4C83-8AF2-BA8CE1B20276}.Release|x64.ActiveCfg = Release|x64
		{6800040A-89FC-4C83-8AF2-BA8CE1B20276}.Release|x64.Build.0 = Release|x64
		{6800040A-89FC-4C83-8AF2-BA8CE1B20276}.Release|x86.ActiveCfg = Release|Win32
		{6800040A-89FC-4C83-8AF2-BA8CE1B20276}.Release|x86.Build.0 = Release|Win32
		{21D04877-78A5-4840-A445-26881F8BC528}.Debug|x64.ActiveCfg = Debug|x64
		{21D04877-78A5-4840-A445-26881F8BC528}.Debug|x64.Build.0 = Debug|x64
		{21D04877-78A5-4840-A445-26881F8BC528}.Debug|x86.ActiveCfg = Debug|Win32
		{21D04877-78A5-4840-A445-26881F8BC528}.Debug|x86.Build.0 = Debug|Win32
		{21D04877-78A5-4840-A445-26881F8BC528}.Release|x64.ActiveCfg = Release|x64
		{21D04877-78A5-4840-A445-26881F8BC528}.Release|x64.Build.0 = Release|x64
		{21D04877-78A5-4840-A445-26881F8BC528}.Release|x86.ActiveCfg = Release|Win32
		{21D04877-78A5-4840-A445-26881F8BC528}.Release|x86.Build.0 = Release|Win32
		{B2EAD127-CA9D-4223-B171-673BD20170DD}.Debug|x64.ActiveCfg = Debug|x64
		{B2EAD127-CA9D-4223-B171-673BD20170DD}.Debug|x64.Build.0 = Debug|x64
		{B2EAD127-CA9D-4223-B171-673BD20170DD}.Debug|x86.ActiveCfg = Debug|Win32
		{B2EAD127-CA9D-4223-B171-673BD20170DD}.Debug|x86.Build.0 = Debug|Win32
		{B2EAD127-CA9D-4223-B171-673BD20170DD}.Release|x64.ActiveCfg = Release|x64
		{B2EAD127-CA9D-4223-B171-673BD20170DD}.Release|x64.Build.0 = Release|x64
		{B2EAD127-CA9D-4223-B171-673BD20170DD}.Release|x86.ActiveCfg = Release|Win32
		{B2EAD127-CA9D-4223-B171-673BD20170DD}.Release|x86.Build.0 = Release|Win32
		{E344F2A7-7566-4DCB-BF90-4157927E182B}.Debug|x64.ActiveCfg = Debug|x64
		{E344F2A7-7566-4DCB-BF90-4157927E182B}.Debug|x64.Build.0 = Debug|x64
		{E344F2A7-7566-4DCB-BF90-4157927E182B}.Debug|x86.ActiveCfg = Debug|Win32
		{E344F2A7-7566-4DCB-BF90-4157927E182B}.Debug|x86.Build.0 = Debug|Win32
		{E344F2A7-7566-4DCB-BF90-4157927E182B}.Release|x64.ActiveCfg = Release|x64
		{E344F2A7-7566-4DCB-BF90-4157927E182B}.Release|x64.Build.0 = Release|x64
		{E344F2A7-7566-4DCB-BF90-4157927E182B}.Release|x86.ActiveCfg = Release|Win32
		{E344F2A7-7566-4DCB-BF90-4157927E182B}.Release|x86.Build.0 = Release|Win32
	EndGlobalSection
	GlobalSection(SolutionProperties) = preSolution
		HideSolutionNode = FALSE
	EndGlobalSection
	GlobalSection(ExtensibilityGlobals) = postSolution
		SolutionGuid = {B224F159-50D6-400D-A73F-D78897A05733}
	EndGlobalSection
EndGlobal
